// !$*UTF8*$!
{
	archiveVersion = 1;
	classes = {
	};
	objectVersion = 46;
	objects = {

/* Begin PBXBuildFile section */
		4B3803A61F1A12F3009599A6 /* ClinicalFolderViewController.swift in Sources */ = {isa = PBXBuildFile; fileRef = 4B3803A51F1A12F3009599A6 /* ClinicalFolderViewController.swift */; };
		4BD2D59F1F1A31DA00201A7A /* HealthKitManager.swift in Sources */ = {isa = PBXBuildFile; fileRef = 4BD2D59E1F1A31DA00201A7A /* HealthKitManager.swift */; };
		4BDA9B421F1B8CC30076C349 /* ClinicalFolder.swift in Sources */ = {isa = PBXBuildFile; fileRef = 4BDA9B411F1B8CC30076C349 /* ClinicalFolder.swift */; };
		4CDCAA801F191C7F00DBC79D /* SOSViewController.swift in Sources */ = {isa = PBXBuildFile; fileRef = 4CDCAA7F1F191C7F00DBC79D /* SOSViewController.swift */; };
		BD10F26A1F193CBF00516967 /* MapViewController.swift in Sources */ = {isa = PBXBuildFile; fileRef = BD10F2691F193CBF00516967 /* MapViewController.swift */; };
		BD25C1E91F1CFF5F002A4D48 /* TopicsIscritto+CoreDataClass.swift in Sources */ = {isa = PBXBuildFile; fileRef = BD25C1E71F1CFF5F002A4D48 /* TopicsIscritto+CoreDataClass.swift */; };
		BD25C1EA1F1CFF5F002A4D48 /* TopicsIscritto+CoreDataProperties.swift in Sources */ = {isa = PBXBuildFile; fileRef = BD25C1E81F1CFF5F002A4D48 /* TopicsIscritto+CoreDataProperties.swift */; };
		CE03E6681F1954C7002B6F41 /* DataCore.xcdatamodeld in Sources */ = {isa = PBXBuildFile; fileRef = CE6F835F1F152E9600899CB8 /* DataCore.xcdatamodeld */; };
		CE099F2A1F1BA31D00199904 /* ReportsHistory+CoreDataClass.swift in Sources */ = {isa = PBXBuildFile; fileRef = CE099F281F1BA31D00199904 /* ReportsHistory+CoreDataClass.swift */; };
		CE099F2B1F1BA31D00199904 /* ReportsHistory+CoreDataProperties.swift in Sources */ = {isa = PBXBuildFile; fileRef = CE099F291F1BA31D00199904 /* ReportsHistory+CoreDataProperties.swift */; };
		CE0E5D641F180EF400B8D1FC /* UserProfile+CoreDataClass.swift in Sources */ = {isa = PBXBuildFile; fileRef = CE0E5D621F180EF400B8D1FC /* UserProfile+CoreDataClass.swift */; };
		CE0E5D651F180EF400B8D1FC /* UserProfile+CoreDataProperties.swift in Sources */ = {isa = PBXBuildFile; fileRef = CE0E5D631F180EF400B8D1FC /* UserProfile+CoreDataProperties.swift */; };
		CE0E5D681F1818DA00B8D1FC /* WelcomeViewController.swift in Sources */ = {isa = PBXBuildFile; fileRef = CE0E5D671F1818DA00B8D1FC /* WelcomeViewController.swift */; };
		CE0E5D6A1F181A0F00B8D1FC /* CreateProfileViewController.swift in Sources */ = {isa = PBXBuildFile; fileRef = CE0E5D691F181A0F00B8D1FC /* CreateProfileViewController.swift */; };
		CE0E5D6C1F18258E00B8D1FC /* UserProfileViewController.swift in Sources */ = {isa = PBXBuildFile; fileRef = CE0E5D6B1F18258E00B8D1FC /* UserProfileViewController.swift */; };
		CE1A5EA71F13EC350086939D /* IconTemplate.png in Resources */ = {isa = PBXBuildFile; fileRef = CE1A5EA61F13EC350086939D /* IconTemplate.png */; };
		CE37C1981F1CB29500DBDACE /* Helpers.swift in Sources */ = {isa = PBXBuildFile; fileRef = CE37C1971F1CB29500DBDACE /* Helpers.swift */; };
		CE37C19A1F1CBA6D00DBDACE /* microphone.png in Resources */ = {isa = PBXBuildFile; fileRef = CE37C1991F1CBA6D00DBDACE /* microphone.png */; };
		CE37FDE11F190F4400FE0CCF /* SettingViewController.swift in Sources */ = {isa = PBXBuildFile; fileRef = CE37FDE01F190F4400FE0CCF /* SettingViewController.swift */; };
		CE3953831F13655C006BFBCA /* logo.png in Resources */ = {isa = PBXBuildFile; fileRef = CE3953821F13655C006BFBCA /* logo.png */; };
		CE41BDEF1F1CEC9700CB778A /* CloudKit.framework in Frameworks */ = {isa = PBXBuildFile; fileRef = CE41BDEE1F1CEC9700CB778A /* CloudKit.framework */; };
		CE4656C71F0FD325004E3868 /* AppDelegate.swift in Sources */ = {isa = PBXBuildFile; fileRef = CE4656C61F0FD325004E3868 /* AppDelegate.swift */; };
		CE4656CC1F0FD325004E3868 /* Main.storyboard in Resources */ = {isa = PBXBuildFile; fileRef = CE4656CA1F0FD325004E3868 /* Main.storyboard */; };
		CE4656CE1F0FD325004E3868 /* Assets.xcassets in Resources */ = {isa = PBXBuildFile; fileRef = CE4656CD1F0FD325004E3868 /* Assets.xcassets */; };
		CE4656D11F0FD325004E3868 /* LaunchScreen.storyboard in Resources */ = {isa = PBXBuildFile; fileRef = CE4656CF1F0FD325004E3868 /* LaunchScreen.storyboard */; };
		CE4656DC1F0FD325004E3868 /* iHelpTests.swift in Sources */ = {isa = PBXBuildFile; fileRef = CE4656DB1F0FD325004E3868 /* iHelpTests.swift */; };
		CE4656E71F0FD325004E3868 /* iHelpUITests.swift in Sources */ = {isa = PBXBuildFile; fileRef = CE4656E61F0FD325004E3868 /* iHelpUITests.swift */; };
		CE53F0841F14B773001EAC96 /* HealthKit.framework in Frameworks */ = {isa = PBXBuildFile; fileRef = CE53F0831F14B773001EAC96 /* HealthKit.framework */; settings = {ATTRIBUTES = (Required, ); }; };
		CE53F0861F14B810001EAC96 /* ReportCell.swift in Sources */ = {isa = PBXBuildFile; fileRef = CE53F0851F14B810001EAC96 /* ReportCell.swift */; };
		CE6F836F1F153A5200899CB8 /* PersistanceManager.swift in Sources */ = {isa = PBXBuildFile; fileRef = CE6F836E1F153A5200899CB8 /* PersistanceManager.swift */; };
		CE8714121F1513780021F74D /* ContactDetailViewController.swift in Sources */ = {isa = PBXBuildFile; fileRef = CE8714111F1513780021F74D /* ContactDetailViewController.swift */; };
		CE8714141F1522660021F74D /* empty_avatar.jpg in Resources */ = {isa = PBXBuildFile; fileRef = CE8714131F1522660021F74D /* empty_avatar.jpg */; };
		CE934CB31F18C51900F8D2DF /* GoogleService-Info.plist in Resources */ = {isa = PBXBuildFile; fileRef = CE934CAF1F18C51900F8D2DF /* GoogleService-Info.plist */; };
		CE934CB41F18C51900F8D2DF /* logo.png in Resources */ = {isa = PBXBuildFile; fileRef = CE934CB01F18C51900F8D2DF /* logo.png */; };
		CE934CB51F18C51900F8D2DF /* NotificationManager.swift in Sources */ = {isa = PBXBuildFile; fileRef = CE934CB21F18C51900F8D2DF /* NotificationManager.swift */; };
		CE934CB71F18C97A00F8D2DF /* libPods-PushNotification.a in Frameworks */ = {isa = PBXBuildFile; fileRef = CE934CB61F18C97A00F8D2DF /* libPods-PushNotification.a */; };
		CE934CB91F18CA0500F8D2DF /* libPods-iHelp.a in Frameworks */ = {isa = PBXBuildFile; fileRef = CE934CB81F18CA0500F8D2DF /* libPods-iHelp.a */; };
		CE954EBE1F16329E00A9A95D /* SOS.swift in Sources */ = {isa = PBXBuildFile; fileRef = CE954EBD1F16329E00A9A95D /* SOS.swift */; };
		CE9E7ABF1F1975390083C0F2 /* EmergencyContact+CoreDataClass.swift in Sources */ = {isa = PBXBuildFile; fileRef = CE9E7ABD1F1975390083C0F2 /* EmergencyContact+CoreDataClass.swift */; };
		CE9E7AC01F1975390083C0F2 /* EmergencyContact+CoreDataProperties.swift in Sources */ = {isa = PBXBuildFile; fileRef = CE9E7ABE1F1975390083C0F2 /* EmergencyContact+CoreDataProperties.swift */; };
		CEA64B7C1F14B3500047C04C /* Report.swift in Sources */ = {isa = PBXBuildFile; fileRef = CEA64B7B1F14B3500047C04C /* Report.swift */; };
		CEA64B7E1F14B3FB0047C04C /* ReportStore.swift in Sources */ = {isa = PBXBuildFile; fileRef = CEA64B7D1F14B3FB0047C04C /* ReportStore.swift */; };
		CECA128B1F16AA7B00A1ABA7 /* Contacts.framework in Frameworks */ = {isa = PBXBuildFile; fileRef = CECA128A1F16AA7B00A1ABA7 /* Contacts.framework */; };
		CECA128D1F16AA8600A1ABA7 /* ContactsUI.framework in Frameworks */ = {isa = PBXBuildFile; fileRef = CECA128C1F16AA8600A1ABA7 /* ContactsUI.framework */; };
		CEFC73051F14C618008C769A /* ReportTableViewController.swift in Sources */ = {isa = PBXBuildFile; fileRef = CEFC73041F14C618008C769A /* ReportTableViewController.swift */; };
		CEFC73091F14D317008C769A /* Contact.swift in Sources */ = {isa = PBXBuildFile; fileRef = CEFC73081F14D317008C769A /* Contact.swift */; };
		CEFC730B1F14D38D008C769A /* ContactStore.swift in Sources */ = {isa = PBXBuildFile; fileRef = CEFC730A1F14D38D008C769A /* ContactStore.swift */; };
		CEFC730D1F14D3EE008C769A /* ContactCell.swift in Sources */ = {isa = PBXBuildFile; fileRef = CEFC730C1F14D3EE008C769A /* ContactCell.swift */; };
		CEFC730F1F14D520008C769A /* ContactTableView.swift in Sources */ = {isa = PBXBuildFile; fileRef = CEFC730E1F14D520008C769A /* ContactTableView.swift */; };
/* End PBXBuildFile section */

/* Begin PBXContainerItemProxy section */
		CE4656D81F0FD325004E3868 /* PBXContainerItemProxy */ = {
			isa = PBXContainerItemProxy;
			containerPortal = CE4656BB1F0FD325004E3868 /* Project object */;
			proxyType = 1;
			remoteGlobalIDString = CE4656C21F0FD325004E3868;
			remoteInfo = iHelp;
		};
		CE4656E31F0FD325004E3868 /* PBXContainerItemProxy */ = {
			isa = PBXContainerItemProxy;
			containerPortal = CE4656BB1F0FD325004E3868 /* Project object */;
			proxyType = 1;
			remoteGlobalIDString = CE4656C21F0FD325004E3868;
			remoteInfo = iHelp;
		};
/* End PBXContainerItemProxy section */

/* Begin PBXFileReference section */
		2CE0F134E4C6397093D0CF4B /* Pods-iHelp.release.xcconfig */ = {isa = PBXFileReference; includeInIndex = 1; lastKnownFileType = text.xcconfig; name = "Pods-iHelp.release.xcconfig"; path = "Pods/Target Support Files/Pods-iHelp/Pods-iHelp.release.xcconfig"; sourceTree = "<group>"; };
		4B3803A51F1A12F3009599A6 /* ClinicalFolderViewController.swift */ = {isa = PBXFileReference; lastKnownFileType = sourcecode.swift; path = ClinicalFolderViewController.swift; sourceTree = "<group>"; };
		4BD2D59E1F1A31DA00201A7A /* HealthKitManager.swift */ = {isa = PBXFileReference; lastKnownFileType = sourcecode.swift; path = HealthKitManager.swift; sourceTree = "<group>"; };
		4BDA9B411F1B8CC30076C349 /* ClinicalFolder.swift */ = {isa = PBXFileReference; lastKnownFileType = sourcecode.swift; path = ClinicalFolder.swift; sourceTree = "<group>"; };
		4CDCAA7D1F19197600DBC79D /* iHelpTests.xctest */ = {isa = PBXFileReference; explicitFileType = wrapper.cfbundle; includeInIndex = 0; path = iHelpTests.xctest; sourceTree = BUILT_PRODUCTS_DIR; };
		4CDCAA7E1F19197600DBC79D /* iHelpUITests.xctest */ = {isa = PBXFileReference; explicitFileType = wrapper.cfbundle; includeInIndex = 0; path = iHelpUITests.xctest; sourceTree = BUILT_PRODUCTS_DIR; };
		4CDCAA7F1F191C7F00DBC79D /* SOSViewController.swift */ = {isa = PBXFileReference; fileEncoding = 4; lastKnownFileType = sourcecode.swift; name = SOSViewController.swift; path = iHelp/SOSViewController.swift; sourceTree = SOURCE_ROOT; };
		684F2D9BFCAF1F03EEDEA154 /* Pods-iHelp.debug.xcconfig */ = {isa = PBXFileReference; includeInIndex = 1; lastKnownFileType = text.xcconfig; name = "Pods-iHelp.debug.xcconfig"; path = "Pods/Target Support Files/Pods-iHelp/Pods-iHelp.debug.xcconfig"; sourceTree = "<group>"; };
		BD10F2691F193CBF00516967 /* MapViewController.swift */ = {isa = PBXFileReference; lastKnownFileType = sourcecode.swift; path = MapViewController.swift; sourceTree = "<group>"; };
		BD25C1E71F1CFF5F002A4D48 /* TopicsIscritto+CoreDataClass.swift */ = {isa = PBXFileReference; lastKnownFileType = sourcecode.swift; path = "TopicsIscritto+CoreDataClass.swift"; sourceTree = "<group>"; };
		BD25C1E81F1CFF5F002A4D48 /* TopicsIscritto+CoreDataProperties.swift */ = {isa = PBXFileReference; lastKnownFileType = sourcecode.swift; path = "TopicsIscritto+CoreDataProperties.swift"; sourceTree = "<group>"; };
		CE099F281F1BA31D00199904 /* ReportsHistory+CoreDataClass.swift */ = {isa = PBXFileReference; fileEncoding = 4; lastKnownFileType = sourcecode.swift; path = "ReportsHistory+CoreDataClass.swift"; sourceTree = "<group>"; };
		CE099F291F1BA31D00199904 /* ReportsHistory+CoreDataProperties.swift */ = {isa = PBXFileReference; fileEncoding = 4; lastKnownFileType = sourcecode.swift; path = "ReportsHistory+CoreDataProperties.swift"; sourceTree = "<group>"; };
		CE0E5D621F180EF400B8D1FC /* UserProfile+CoreDataClass.swift */ = {isa = PBXFileReference; fileEncoding = 4; lastKnownFileType = sourcecode.swift; name = "UserProfile+CoreDataClass.swift"; path = "../UserProfile+CoreDataClass.swift"; sourceTree = "<group>"; };
		CE0E5D631F180EF400B8D1FC /* UserProfile+CoreDataProperties.swift */ = {isa = PBXFileReference; fileEncoding = 4; lastKnownFileType = sourcecode.swift; name = "UserProfile+CoreDataProperties.swift"; path = "../UserProfile+CoreDataProperties.swift"; sourceTree = "<group>"; };
		CE0E5D671F1818DA00B8D1FC /* WelcomeViewController.swift */ = {isa = PBXFileReference; fileEncoding = 4; lastKnownFileType = sourcecode.swift; path = WelcomeViewController.swift; sourceTree = "<group>"; };
		CE0E5D691F181A0F00B8D1FC /* CreateProfileViewController.swift */ = {isa = PBXFileReference; fileEncoding = 4; lastKnownFileType = sourcecode.swift; path = CreateProfileViewController.swift; sourceTree = "<group>"; };
		CE0E5D6B1F18258E00B8D1FC /* UserProfileViewController.swift */ = {isa = PBXFileReference; fileEncoding = 4; lastKnownFileType = sourcecode.swift; path = UserProfileViewController.swift; sourceTree = "<group>"; };
		CE1A5EA61F13EC350086939D /* IconTemplate.png */ = {isa = PBXFileReference; lastKnownFileType = image.png; path = IconTemplate.png; sourceTree = "<group>"; };
		CE37C1971F1CB29500DBDACE /* Helpers.swift */ = {isa = PBXFileReference; fileEncoding = 4; lastKnownFileType = sourcecode.swift; path = Helpers.swift; sourceTree = "<group>"; };
		CE37C1991F1CBA6D00DBDACE /* microphone.png */ = {isa = PBXFileReference; lastKnownFileType = image.png; path = microphone.png; sourceTree = "<group>"; };
		CE37FDE01F190F4400FE0CCF /* SettingViewController.swift */ = {isa = PBXFileReference; fileEncoding = 4; lastKnownFileType = sourcecode.swift; path = SettingViewController.swift; sourceTree = "<group>"; };
		CE3953821F13655C006BFBCA /* logo.png */ = {isa = PBXFileReference; lastKnownFileType = image.png; path = logo.png; sourceTree = SOURCE_ROOT; };
		CE3953891F13664E006BFBCA /* iHelp.entitlements */ = {isa = PBXFileReference; lastKnownFileType = text.plist.entitlements; path = iHelp.entitlements; sourceTree = "<group>"; };
		CE41BDEE1F1CEC9700CB778A /* CloudKit.framework */ = {isa = PBXFileReference; lastKnownFileType = wrapper.framework; name = CloudKit.framework; path = System/Library/Frameworks/CloudKit.framework; sourceTree = SDKROOT; };
		CE4656C61F0FD325004E3868 /* AppDelegate.swift */ = {isa = PBXFileReference; lastKnownFileType = sourcecode.swift; path = AppDelegate.swift; sourceTree = "<group>"; };
		CE4656CB1F0FD325004E3868 /* Base */ = {isa = PBXFileReference; lastKnownFileType = file.storyboard; name = Base; path = Base.lproj/Main.storyboard; sourceTree = "<group>"; };
		CE4656CD1F0FD325004E3868 /* Assets.xcassets */ = {isa = PBXFileReference; lastKnownFileType = folder.assetcatalog; path = Assets.xcassets; sourceTree = "<group>"; };
		CE4656D01F0FD325004E3868 /* Base */ = {isa = PBXFileReference; lastKnownFileType = file.storyboard; name = Base; path = Base.lproj/LaunchScreen.storyboard; sourceTree = "<group>"; };
		CE4656D21F0FD325004E3868 /* Info.plist */ = {isa = PBXFileReference; lastKnownFileType = text.plist.xml; path = Info.plist; sourceTree = "<group>"; };
		CE4656DB1F0FD325004E3868 /* iHelpTests.swift */ = {isa = PBXFileReference; lastKnownFileType = sourcecode.swift; path = iHelpTests.swift; sourceTree = "<group>"; };
		CE4656DD1F0FD325004E3868 /* Info.plist */ = {isa = PBXFileReference; lastKnownFileType = text.plist.xml; path = Info.plist; sourceTree = "<group>"; };
		CE4656E61F0FD325004E3868 /* iHelpUITests.swift */ = {isa = PBXFileReference; lastKnownFileType = sourcecode.swift; path = iHelpUITests.swift; sourceTree = "<group>"; };
		CE4656E81F0FD325004E3868 /* Info.plist */ = {isa = PBXFileReference; lastKnownFileType = text.plist.xml; path = Info.plist; sourceTree = "<group>"; };
		CE53F0831F14B773001EAC96 /* HealthKit.framework */ = {isa = PBXFileReference; lastKnownFileType = wrapper.framework; name = HealthKit.framework; path = System/Library/Frameworks/HealthKit.framework; sourceTree = SDKROOT; };
		CE53F0851F14B810001EAC96 /* ReportCell.swift */ = {isa = PBXFileReference; lastKnownFileType = sourcecode.swift; path = ReportCell.swift; sourceTree = "<group>"; };
		CE6F83601F152E9600899CB8 /* DataCore.xcdatamodel */ = {isa = PBXFileReference; lastKnownFileType = wrapper.xcdatamodel; path = DataCore.xcdatamodel; sourceTree = "<group>"; };
		CE6F836E1F153A5200899CB8 /* PersistanceManager.swift */ = {isa = PBXFileReference; fileEncoding = 4; lastKnownFileType = sourcecode.swift; path = PersistanceManager.swift; sourceTree = "<group>"; };
		CE8714111F1513780021F74D /* ContactDetailViewController.swift */ = {isa = PBXFileReference; fileEncoding = 4; lastKnownFileType = sourcecode.swift; path = ContactDetailViewController.swift; sourceTree = "<group>"; };
		CE8714131F1522660021F74D /* empty_avatar.jpg */ = {isa = PBXFileReference; lastKnownFileType = image.jpeg; path = empty_avatar.jpg; sourceTree = "<group>"; };
		CE934CAF1F18C51900F8D2DF /* GoogleService-Info.plist */ = {isa = PBXFileReference; fileEncoding = 4; lastKnownFileType = text.plist.xml; name = "GoogleService-Info.plist"; path = "iHelp/PushNotification/GoogleService-Info.plist"; sourceTree = SOURCE_ROOT; };
		CE934CB01F18C51900F8D2DF /* logo.png */ = {isa = PBXFileReference; lastKnownFileType = image.png; name = logo.png; path = iHelp/PushNotification/logo.png; sourceTree = SOURCE_ROOT; };
		CE934CB11F18C51900F8D2DF /* PushNotification.entitlements */ = {isa = PBXFileReference; fileEncoding = 4; lastKnownFileType = text.plist.entitlements; name = PushNotification.entitlements; path = iHelp/PushNotification/PushNotification.entitlements; sourceTree = SOURCE_ROOT; };
		CE934CB21F18C51900F8D2DF /* NotificationManager.swift */ = {isa = PBXFileReference; fileEncoding = 4; lastKnownFileType = sourcecode.swift; name = NotificationManager.swift; path = iHelp/PushNotification/NotificationManager.swift; sourceTree = SOURCE_ROOT; };
		CE934CB61F18C97A00F8D2DF /* libPods-PushNotification.a */ = {isa = PBXFileReference; lastKnownFileType = archive.ar; path = "libPods-PushNotification.a"; sourceTree = "<group>"; };
		CE934CB81F18CA0500F8D2DF /* libPods-iHelp.a */ = {isa = PBXFileReference; lastKnownFileType = archive.ar; path = "libPods-iHelp.a"; sourceTree = "<group>"; };
		CE934CBB1F18CC9F00F8D2DF /* iHelp.app */ = {isa = PBXFileReference; explicitFileType = wrapper.application; includeInIndex = 0; path = iHelp.app; sourceTree = BUILT_PRODUCTS_DIR; };
		CE954EBD1F16329E00A9A95D /* SOS.swift */ = {isa = PBXFileReference; fileEncoding = 4; lastKnownFileType = sourcecode.swift; path = SOS.swift; sourceTree = "<group>"; };
		CE9E7ABD1F1975390083C0F2 /* EmergencyContact+CoreDataClass.swift */ = {isa = PBXFileReference; fileEncoding = 4; lastKnownFileType = sourcecode.swift; path = "EmergencyContact+CoreDataClass.swift"; sourceTree = "<group>"; };
		CE9E7ABE1F1975390083C0F2 /* EmergencyContact+CoreDataProperties.swift */ = {isa = PBXFileReference; fileEncoding = 4; lastKnownFileType = sourcecode.swift; path = "EmergencyContact+CoreDataProperties.swift"; sourceTree = "<group>"; };
		CEA64B7B1F14B3500047C04C /* Report.swift */ = {isa = PBXFileReference; fileEncoding = 4; lastKnownFileType = sourcecode.swift; path = Report.swift; sourceTree = "<group>"; };
		CEA64B7D1F14B3FB0047C04C /* ReportStore.swift */ = {isa = PBXFileReference; fileEncoding = 4; lastKnownFileType = sourcecode.swift; path = ReportStore.swift; sourceTree = "<group>"; };
		CECA128A1F16AA7B00A1ABA7 /* Contacts.framework */ = {isa = PBXFileReference; lastKnownFileType = wrapper.framework; name = Contacts.framework; path = System/Library/Frameworks/Contacts.framework; sourceTree = SDKROOT; };
		CECA128C1F16AA8600A1ABA7 /* ContactsUI.framework */ = {isa = PBXFileReference; lastKnownFileType = wrapper.framework; name = ContactsUI.framework; path = System/Library/Frameworks/ContactsUI.framework; sourceTree = SDKROOT; };
		CEFC73041F14C618008C769A /* ReportTableViewController.swift */ = {isa = PBXFileReference; lastKnownFileType = sourcecode.swift; path = ReportTableViewController.swift; sourceTree = "<group>"; };
		CEFC73081F14D317008C769A /* Contact.swift */ = {isa = PBXFileReference; lastKnownFileType = sourcecode.swift; path = Contact.swift; sourceTree = "<group>"; };
		CEFC730A1F14D38D008C769A /* ContactStore.swift */ = {isa = PBXFileReference; lastKnownFileType = sourcecode.swift; path = ContactStore.swift; sourceTree = "<group>"; };
		CEFC730C1F14D3EE008C769A /* ContactCell.swift */ = {isa = PBXFileReference; lastKnownFileType = sourcecode.swift; path = ContactCell.swift; sourceTree = "<group>"; };
		CEFC730E1F14D520008C769A /* ContactTableView.swift */ = {isa = PBXFileReference; lastKnownFileType = sourcecode.swift; path = ContactTableView.swift; sourceTree = "<group>"; };
/* End PBXFileReference section */

/* Begin PBXFrameworksBuildPhase section */
		CE4656C01F0FD325004E3868 /* Frameworks */ = {
			isa = PBXFrameworksBuildPhase;
			buildActionMask = 2147483647;
			files = (
				CECA128D1F16AA8600A1ABA7 /* ContactsUI.framework in Frameworks */,
				CECA128B1F16AA7B00A1ABA7 /* Contacts.framework in Frameworks */,
				CE934CB91F18CA0500F8D2DF /* libPods-iHelp.a in Frameworks */,
				CE41BDEF1F1CEC9700CB778A /* CloudKit.framework in Frameworks */,
				CE934CB71F18C97A00F8D2DF /* libPods-PushNotification.a in Frameworks */,
				CE53F0841F14B773001EAC96 /* HealthKit.framework in Frameworks */,
			);
			runOnlyForDeploymentPostprocessing = 0;
		};
		CE4656D41F0FD325004E3868 /* Frameworks */ = {
			isa = PBXFrameworksBuildPhase;
			buildActionMask = 2147483647;
			files = (
			);
			runOnlyForDeploymentPostprocessing = 0;
		};
		CE4656DF1F0FD325004E3868 /* Frameworks */ = {
			isa = PBXFrameworksBuildPhase;
			buildActionMask = 2147483647;
			files = (
			);
			runOnlyForDeploymentPostprocessing = 0;
		};
/* End PBXFrameworksBuildPhase section */

/* Begin PBXGroup section */
		4BD2D59D1F1A31BF00201A7A /* Manager */ = {
			isa = PBXGroup;
			children = (
				4BD2D59E1F1A31DA00201A7A /* HealthKitManager.swift */,
			);
			path = Manager;
			sourceTree = "<group>";
		};
		6D66E88BAE55E655C0F9570C /* Pods */ = {
			isa = PBXGroup;
			children = (
				684F2D9BFCAF1F03EEDEA154 /* Pods-iHelp.debug.xcconfig */,
				2CE0F134E4C6397093D0CF4B /* Pods-iHelp.release.xcconfig */,
			);
			name = Pods;
			sourceTree = "<group>";
		};
		BD10F25F1F193AB100516967 /* Localization */ = {
			isa = PBXGroup;
			children = (
				BD10F2691F193CBF00516967 /* MapViewController.swift */,
			);
			path = Localization;
			sourceTree = "<group>";
		};
		BD5D36421F18B4FB00236472 /* PushNotification */ = {
			isa = PBXGroup;
			children = (
				CE934CAF1F18C51900F8D2DF /* GoogleService-Info.plist */,
				CE934CB01F18C51900F8D2DF /* logo.png */,
				CE934CB11F18C51900F8D2DF /* PushNotification.entitlements */,
				CE934CB21F18C51900F8D2DF /* NotificationManager.swift */,
			);
			name = PushNotification;
			path = "New Group";
			sourceTree = "<group>";
		};
		CE0E5D611F180EB600B8D1FC /* CoreDataResources */ = {
			isa = PBXGroup;
			children = (
				BD25C1E71F1CFF5F002A4D48 /* TopicsIscritto+CoreDataClass.swift */,
				BD25C1E81F1CFF5F002A4D48 /* TopicsIscritto+CoreDataProperties.swift */,
				CE099F281F1BA31D00199904 /* ReportsHistory+CoreDataClass.swift */,
				CE099F291F1BA31D00199904 /* ReportsHistory+CoreDataProperties.swift */,
				CE9E7ABD1F1975390083C0F2 /* EmergencyContact+CoreDataClass.swift */,
				CE9E7ABE1F1975390083C0F2 /* EmergencyContact+CoreDataProperties.swift */,
				CE0E5D621F180EF400B8D1FC /* UserProfile+CoreDataClass.swift */,
				CE0E5D631F180EF400B8D1FC /* UserProfile+CoreDataProperties.swift */,
				CE6F836E1F153A5200899CB8 /* PersistanceManager.swift */,
				4BDA9B411F1B8CC30076C349 /* ClinicalFolder.swift */,
			);
			name = CoreDataResources;
			sourceTree = "<group>";
		};
		CE0E5D661F1818C200B8D1FC /* User */ = {
			isa = PBXGroup;
			children = (
				CE0E5D671F1818DA00B8D1FC /* WelcomeViewController.swift */,
				CE0E5D691F181A0F00B8D1FC /* CreateProfileViewController.swift */,
				CE0E5D6B1F18258E00B8D1FC /* UserProfileViewController.swift */,
				4B3803A51F1A12F3009599A6 /* ClinicalFolderViewController.swift */,
			);
			name = User;
			sourceTree = "<group>";
		};
		CE37C1961F1CB26D00DBDACE /* Helpers */ = {
			isa = PBXGroup;
			children = (
				CE37C1971F1CB29500DBDACE /* Helpers.swift */,
			);
			name = Helpers;
			sourceTree = "<group>";
		};
		CE37FDDF1F190F3300FE0CCF /* Settings */ = {
			isa = PBXGroup;
			children = (
				CE37FDE01F190F4400FE0CCF /* SettingViewController.swift */,
			);
			name = Settings;
			sourceTree = "<group>";
		};
		CE3953811F1364F2006BFBCA /* Resources */ = {
			isa = PBXGroup;
			children = (
				CE37C1991F1CBA6D00DBDACE /* microphone.png */,
				CE8714131F1522660021F74D /* empty_avatar.jpg */,
				CE1A5EA61F13EC350086939D /* IconTemplate.png */,
				CE3953821F13655C006BFBCA /* logo.png */,
			);
			name = Resources;
			sourceTree = "<group>";
		};
		CE3953841F136645006BFBCA /* Frameworks */ = {
			isa = PBXGroup;
			children = (
				CE41BDEE1F1CEC9700CB778A /* CloudKit.framework */,
				CE934CB81F18CA0500F8D2DF /* libPods-iHelp.a */,
				CE934CB61F18C97A00F8D2DF /* libPods-PushNotification.a */,
				CECA128C1F16AA8600A1ABA7 /* ContactsUI.framework */,
				CECA128A1F16AA7B00A1ABA7 /* Contacts.framework */,
				CE53F0831F14B773001EAC96 /* HealthKit.framework */,
			);
			name = Frameworks;
			sourceTree = "<group>";
		};
		CE4656BA1F0FD325004E3868 = {
			isa = PBXGroup;
			children = (
				CE4656C51F0FD325004E3868 /* iHelp */,
				CE4656E51F0FD325004E3868 /* iHelpUITests */,
				CE3953841F136645006BFBCA /* Frameworks */,
				6D66E88BAE55E655C0F9570C /* Pods */,
				CE934CBB1F18CC9F00F8D2DF /* iHelp.app */,
				4CDCAA7D1F19197600DBC79D /* iHelpTests.xctest */,
				4CDCAA7E1F19197600DBC79D /* iHelpUITests.xctest */,
			);
			indentWidth = 4;
			sourceTree = "<group>";
		};
		CE4656C51F0FD325004E3868 /* iHelp */ = {
			isa = PBXGroup;
			children = (
				CE37C1961F1CB26D00DBDACE /* Helpers */,
				4BD2D59D1F1A31BF00201A7A /* Manager */,
				BD10F25F1F193AB100516967 /* Localization */,
				CE37FDDF1F190F3300FE0CCF /* Settings */,
				BD5D36421F18B4FB00236472 /* PushNotification */,
				CE0E5D661F1818C200B8D1FC /* User */,
				CE0E5D611F180EB600B8D1FC /* CoreDataResources */,
				CE954EBC1F16327A00A9A95D /* Core */,
				CE6F835F1F152E9600899CB8 /* DataCore.xcdatamodeld */,
				CE4656D21F0FD325004E3868 /* Info.plist */,
				CEFC73071F14D2F0008C769A /* Contacts */,
				CEFC73061F14D236008C769A /* Report */,
				CE3953891F13664E006BFBCA /* iHelp.entitlements */,
				CE3953811F1364F2006BFBCA /* Resources */,
				CE4656C61F0FD325004E3868 /* AppDelegate.swift */,
				CE4656CA1F0FD325004E3868 /* Main.storyboard */,
				CE4656CD1F0FD325004E3868 /* Assets.xcassets */,
				CE4656CF1F0FD325004E3868 /* LaunchScreen.storyboard */,
				CE4656DA1F0FD325004E3868 /* iHelpTests */,
			);
			path = iHelp;
			sourceTree = "<group>";
		};
		CE4656DA1F0FD325004E3868 /* iHelpTests */ = {
			isa = PBXGroup;
			children = (
				CE4656DB1F0FD325004E3868 /* iHelpTests.swift */,
				CE4656DD1F0FD325004E3868 /* Info.plist */,
			);
			path = iHelpTests;
			sourceTree = SOURCE_ROOT;
		};
		CE4656E51F0FD325004E3868 /* iHelpUITests */ = {
			isa = PBXGroup;
			children = (
				CE4656E61F0FD325004E3868 /* iHelpUITests.swift */,
				CE4656E81F0FD325004E3868 /* Info.plist */,
			);
			path = iHelpUITests;
			sourceTree = "<group>";
		};
		CE954EBC1F16327A00A9A95D /* Core */ = {
			isa = PBXGroup;
			children = (
				4CDCAA7F1F191C7F00DBC79D /* SOSViewController.swift */,
				CE954EBD1F16329E00A9A95D /* SOS.swift */,
			);
			name = Core;
			sourceTree = "<group>";
		};
		CEFC73061F14D236008C769A /* Report */ = {
			isa = PBXGroup;
			children = (
				CEA64B7B1F14B3500047C04C /* Report.swift */,
				CEA64B7D1F14B3FB0047C04C /* ReportStore.swift */,
				CE53F0851F14B810001EAC96 /* ReportCell.swift */,
				CEFC73041F14C618008C769A /* ReportTableViewController.swift */,
			);
			path = Report;
			sourceTree = "<group>";
		};
		CEFC73071F14D2F0008C769A /* Contacts */ = {
			isa = PBXGroup;
			children = (
				CEFC73081F14D317008C769A /* Contact.swift */,
				CEFC730A1F14D38D008C769A /* ContactStore.swift */,
				CEFC730C1F14D3EE008C769A /* ContactCell.swift */,
				CEFC730E1F14D520008C769A /* ContactTableView.swift */,
				CE8714111F1513780021F74D /* ContactDetailViewController.swift */,
			);
			path = Contacts;
			sourceTree = "<group>";
		};
/* End PBXGroup section */

/* Begin PBXNativeTarget section */
		CE4656C21F0FD325004E3868 /* iHelp */ = {
			isa = PBXNativeTarget;
			buildConfigurationList = CE4656EB1F0FD325004E3868 /* Build configuration list for PBXNativeTarget "iHelp" */;
			buildPhases = (
				59581779CAD9675E48889359 /* [CP] Check Pods Manifest.lock */,
				CE4656BF1F0FD325004E3868 /* Sources */,
				CE4656C01F0FD325004E3868 /* Frameworks */,
				CE4656C11F0FD325004E3868 /* Resources */,
				B5B7F520E7C361FBFFEDDEEC /* [CP] Embed Pods Frameworks */,
				8FCD3A84924F67D540B7CFD8 /* [CP] Copy Pods Resources */,
			);
			buildRules = (
			);
			dependencies = (
			);
			name = iHelp;
			productName = iHelp;
			productReference = CE934CBB1F18CC9F00F8D2DF /* iHelp.app */;
			productType = "com.apple.product-type.application";
		};
		CE4656D61F0FD325004E3868 /* iHelpTests */ = {
			isa = PBXNativeTarget;
			buildConfigurationList = CE4656EE1F0FD325004E3868 /* Build configuration list for PBXNativeTarget "iHelpTests" */;
			buildPhases = (
				CE4656D31F0FD325004E3868 /* Sources */,
				CE4656D41F0FD325004E3868 /* Frameworks */,
				CE4656D51F0FD325004E3868 /* Resources */,
			);
			buildRules = (
			);
			dependencies = (
				CE4656D91F0FD325004E3868 /* PBXTargetDependency */,
			);
			name = iHelpTests;
			productName = iHelpTests;
			productReference = 4CDCAA7D1F19197600DBC79D /* iHelpTests.xctest */;
			productType = "com.apple.product-type.bundle.unit-test";
		};
		CE4656E11F0FD325004E3868 /* iHelpUITests */ = {
			isa = PBXNativeTarget;
			buildConfigurationList = CE4656F11F0FD325004E3868 /* Build configuration list for PBXNativeTarget "iHelpUITests" */;
			buildPhases = (
				CE4656DE1F0FD325004E3868 /* Sources */,
				CE4656DF1F0FD325004E3868 /* Frameworks */,
				CE4656E01F0FD325004E3868 /* Resources */,
			);
			buildRules = (
			);
			dependencies = (
				CE4656E41F0FD325004E3868 /* PBXTargetDependency */,
			);
			name = iHelpUITests;
			productName = iHelpUITests;
			productReference = 4CDCAA7E1F19197600DBC79D /* iHelpUITests.xctest */;
			productType = "com.apple.product-type.bundle.ui-testing";
		};
/* End PBXNativeTarget section */

/* Begin PBXProject section */
		CE4656BB1F0FD325004E3868 /* Project object */ = {
			isa = PBXProject;
			attributes = {
				LastSwiftUpdateCheck = 0830;
				LastUpgradeCheck = 0900;
				ORGANIZATIONNAME = "The Round Table";
				TargetAttributes = {
					CE4656C21F0FD325004E3868 = {
						CreatedOnToolsVersion = 8.3.3;
						DevelopmentTeam = K8WJKQA676;
						LastSwiftMigration = 0900;
						ProvisioningStyle = Manual;
						SystemCapabilities = {
							com.apple.GameCenter = {
								enabled = 0;
							};
							com.apple.HealthKit = {
								enabled = 1;
							};
							com.apple.Push = {
								enabled = 1;
							};
							com.apple.Siri = {
								enabled = 0;
							};
							com.apple.Wallet = {
								enabled = 0;
							};
							com.apple.iCloud = {
								enabled = 1;
							};
						};
					};
					CE4656D61F0FD325004E3868 = {
						CreatedOnToolsVersion = 8.3.3;
						DevelopmentTeam = PTH65GSUAS;
						LastSwiftMigration = 0900;
						ProvisioningStyle = Automatic;
						TestTargetID = CE4656C21F0FD325004E3868;
					};
					CE4656E11F0FD325004E3868 = {
						CreatedOnToolsVersion = 8.3.3;
						DevelopmentTeam = PTH65GSUAS;
						LastSwiftMigration = 0900;
						ProvisioningStyle = Automatic;
						TestTargetID = CE4656C21F0FD325004E3868;
					};
				};
			};
			buildConfigurationList = CE4656BE1F0FD325004E3868 /* Build configuration list for PBXProject "iHelp" */;
			compatibilityVersion = "Xcode 3.2";
			developmentRegion = English;
			hasScannedForEncodings = 0;
			knownRegions = (
				en,
				Base,
			);
			mainGroup = CE4656BA1F0FD325004E3868;
			productRefGroup = CE4656BA1F0FD325004E3868;
			projectDirPath = "";
			projectRoot = "";
			targets = (
				CE4656C21F0FD325004E3868 /* iHelp */,
				CE4656D61F0FD325004E3868 /* iHelpTests */,
				CE4656E11F0FD325004E3868 /* iHelpUITests */,
			);
		};
/* End PBXProject section */

/* Begin PBXResourcesBuildPhase section */
		CE4656C11F0FD325004E3868 /* Resources */ = {
			isa = PBXResourcesBuildPhase;
			buildActionMask = 2147483647;
			files = (
				CE4656D11F0FD325004E3868 /* LaunchScreen.storyboard in Resources */,
				CE3953831F13655C006BFBCA /* logo.png in Resources */,
				CE8714141F1522660021F74D /* empty_avatar.jpg in Resources */,
				CE37C19A1F1CBA6D00DBDACE /* microphone.png in Resources */,
				CE4656CE1F0FD325004E3868 /* Assets.xcassets in Resources */,
				CE934CB41F18C51900F8D2DF /* logo.png in Resources */,
				CE1A5EA71F13EC350086939D /* IconTemplate.png in Resources */,
				CE4656CC1F0FD325004E3868 /* Main.storyboard in Resources */,
				CE934CB31F18C51900F8D2DF /* GoogleService-Info.plist in Resources */,
			);
			runOnlyForDeploymentPostprocessing = 0;
		};
		CE4656D51F0FD325004E3868 /* Resources */ = {
			isa = PBXResourcesBuildPhase;
			buildActionMask = 2147483647;
			files = (
			);
			runOnlyForDeploymentPostprocessing = 0;
		};
		CE4656E01F0FD325004E3868 /* Resources */ = {
			isa = PBXResourcesBuildPhase;
			buildActionMask = 2147483647;
			files = (
			);
			runOnlyForDeploymentPostprocessing = 0;
		};
/* End PBXResourcesBuildPhase section */

/* Begin PBXShellScriptBuildPhase section */
		59581779CAD9675E48889359 /* [CP] Check Pods Manifest.lock */ = {
			isa = PBXShellScriptBuildPhase;
			buildActionMask = 2147483647;
			files = (
			);
			inputPaths = (
			);
			name = "[CP] Check Pods Manifest.lock";
			outputPaths = (
			);
			runOnlyForDeploymentPostprocessing = 0;
			shellPath = /bin/sh;
			shellScript = "diff \"${PODS_PODFILE_DIR_PATH}/Podfile.lock\" \"${PODS_ROOT}/Manifest.lock\" > /dev/null\nif [ $? != 0 ] ; then\n    # print error to STDERR\n    echo \"error: The sandbox is not in sync with the Podfile.lock. Run 'pod install' or update your CocoaPods installation.\" >&2\n    exit 1\nfi\n";
			showEnvVarsInLog = 0;
		};
		8FCD3A84924F67D540B7CFD8 /* [CP] Copy Pods Resources */ = {
			isa = PBXShellScriptBuildPhase;
			buildActionMask = 2147483647;
			files = (
			);
			inputPaths = (
			);
			name = "[CP] Copy Pods Resources";
			outputPaths = (
			);
			runOnlyForDeploymentPostprocessing = 0;
			shellPath = /bin/sh;
			shellScript = "\"${SRCROOT}/Pods/Target Support Files/Pods-iHelp/Pods-iHelp-resources.sh\"\n";
			showEnvVarsInLog = 0;
		};
		B5B7F520E7C361FBFFEDDEEC /* [CP] Embed Pods Frameworks */ = {
			isa = PBXShellScriptBuildPhase;
			buildActionMask = 2147483647;
			files = (
			);
			inputPaths = (
			);
			name = "[CP] Embed Pods Frameworks";
			outputPaths = (
			);
			runOnlyForDeploymentPostprocessing = 0;
			shellPath = /bin/sh;
			shellScript = "\"${SRCROOT}/Pods/Target Support Files/Pods-iHelp/Pods-iHelp-frameworks.sh\"\n";
			showEnvVarsInLog = 0;
		};
/* End PBXShellScriptBuildPhase section */

/* Begin PBXSourcesBuildPhase section */
		CE4656BF1F0FD325004E3868 /* Sources */ = {
			isa = PBXSourcesBuildPhase;
			buildActionMask = 2147483647;
			files = (
				BD25C1EA1F1CFF5F002A4D48 /* TopicsIscritto+CoreDataProperties.swift in Sources */,
				4BDA9B421F1B8CC30076C349 /* ClinicalFolder.swift in Sources */,
				CE6F836F1F153A5200899CB8 /* PersistanceManager.swift in Sources */,
				CEFC730D1F14D3EE008C769A /* ContactCell.swift in Sources */,
				CEFC730F1F14D520008C769A /* ContactTableView.swift in Sources */,
				CEFC73051F14C618008C769A /* ReportTableViewController.swift in Sources */,
				CEA64B7E1F14B3FB0047C04C /* ReportStore.swift in Sources */,
				CE0E5D681F1818DA00B8D1FC /* WelcomeViewController.swift in Sources */,
				CE4656C71F0FD325004E3868 /* AppDelegate.swift in Sources */,
				CE9E7ABF1F1975390083C0F2 /* EmergencyContact+CoreDataClass.swift in Sources */,
				CE934CB51F18C51900F8D2DF /* NotificationManager.swift in Sources */,
				CE0E5D641F180EF400B8D1FC /* UserProfile+CoreDataClass.swift in Sources */,
				CE9E7AC01F1975390083C0F2 /* EmergencyContact+CoreDataProperties.swift in Sources */,
				CE0E5D6C1F18258E00B8D1FC /* UserProfileViewController.swift in Sources */,
				CE37C1981F1CB29500DBDACE /* Helpers.swift in Sources */,
				CE099F2A1F1BA31D00199904 /* ReportsHistory+CoreDataClass.swift in Sources */,
				4CDCAA801F191C7F00DBC79D /* SOSViewController.swift in Sources */,
				CE37FDE11F190F4400FE0CCF /* SettingViewController.swift in Sources */,
				CEA64B7C1F14B3500047C04C /* Report.swift in Sources */,
				4B3803A61F1A12F3009599A6 /* ClinicalFolderViewController.swift in Sources */,
				BD25C1E91F1CFF5F002A4D48 /* TopicsIscritto+CoreDataClass.swift in Sources */,
				CE03E6681F1954C7002B6F41 /* DataCore.xcdatamodeld in Sources */,
				CE954EBE1F16329E00A9A95D /* SOS.swift in Sources */,
				CE0E5D6A1F181A0F00B8D1FC /* CreateProfileViewController.swift in Sources */,
				BD10F26A1F193CBF00516967 /* MapViewController.swift in Sources */,
				CE0E5D651F180EF400B8D1FC /* UserProfile+CoreDataProperties.swift in Sources */,
				CE099F2B1F1BA31D00199904 /* ReportsHistory+CoreDataProperties.swift in Sources */,
				CE53F0861F14B810001EAC96 /* ReportCell.swift in Sources */,
				CE8714121F1513780021F74D /* ContactDetailViewController.swift in Sources */,
				CEFC730B1F14D38D008C769A /* ContactStore.swift in Sources */,
				4BD2D59F1F1A31DA00201A7A /* HealthKitManager.swift in Sources */,
				CEFC73091F14D317008C769A /* Contact.swift in Sources */,
			);
			runOnlyForDeploymentPostprocessing = 0;
		};
		CE4656D31F0FD325004E3868 /* Sources */ = {
			isa = PBXSourcesBuildPhase;
			buildActionMask = 2147483647;
			files = (
				CE4656DC1F0FD325004E3868 /* iHelpTests.swift in Sources */,
			);
			runOnlyForDeploymentPostprocessing = 0;
		};
		CE4656DE1F0FD325004E3868 /* Sources */ = {
			isa = PBXSourcesBuildPhase;
			buildActionMask = 2147483647;
			files = (
				CE4656E71F0FD325004E3868 /* iHelpUITests.swift in Sources */,
			);
			runOnlyForDeploymentPostprocessing = 0;
		};
/* End PBXSourcesBuildPhase section */

/* Begin PBXTargetDependency section */
		CE4656D91F0FD325004E3868 /* PBXTargetDependency */ = {
			isa = PBXTargetDependency;
			target = CE4656C21F0FD325004E3868 /* iHelp */;
			targetProxy = CE4656D81F0FD325004E3868 /* PBXContainerItemProxy */;
		};
		CE4656E41F0FD325004E3868 /* PBXTargetDependency */ = {
			isa = PBXTargetDependency;
			target = CE4656C21F0FD325004E3868 /* iHelp */;
			targetProxy = CE4656E31F0FD325004E3868 /* PBXContainerItemProxy */;
		};
/* End PBXTargetDependency section */

/* Begin PBXVariantGroup section */
		CE4656CA1F0FD325004E3868 /* Main.storyboard */ = {
			isa = PBXVariantGroup;
			children = (
				CE4656CB1F0FD325004E3868 /* Base */,
			);
			name = Main.storyboard;
			sourceTree = "<group>";
		};
		CE4656CF1F0FD325004E3868 /* LaunchScreen.storyboard */ = {
			isa = PBXVariantGroup;
			children = (
				CE4656D01F0FD325004E3868 /* Base */,
			);
			name = LaunchScreen.storyboard;
			sourceTree = "<group>";
		};
/* End PBXVariantGroup section */

/* Begin XCBuildConfiguration section */
		CE4656E91F0FD325004E3868 /* Debug */ = {
			isa = XCBuildConfiguration;
			buildSettings = {
				ALWAYS_SEARCH_USER_PATHS = NO;
				CLANG_ANALYZER_NONNULL = YES;
				CLANG_ANALYZER_NUMBER_OBJECT_CONVERSION = YES_AGGRESSIVE;
				CLANG_CXX_LANGUAGE_STANDARD = "gnu++0x";
				CLANG_CXX_LIBRARY = "libc++";
				CLANG_ENABLE_MODULES = YES;
				CLANG_ENABLE_OBJC_ARC = YES;
				CLANG_WARN_BLOCK_CAPTURE_AUTORELEASING = YES;
				CLANG_WARN_BOOL_CONVERSION = YES;
				CLANG_WARN_COMMA = YES;
				CLANG_WARN_CONSTANT_CONVERSION = YES;
				CLANG_WARN_DIRECT_OBJC_ISA_USAGE = YES_ERROR;
				CLANG_WARN_DOCUMENTATION_COMMENTS = YES;
				CLANG_WARN_EMPTY_BODY = YES;
				CLANG_WARN_ENUM_CONVERSION = YES;
				CLANG_WARN_INFINITE_RECURSION = YES;
				CLANG_WARN_INT_CONVERSION = YES;
				CLANG_WARN_NON_LITERAL_NULL_CONVERSION = YES;
				CLANG_WARN_OBJC_LITERAL_CONVERSION = YES;
				CLANG_WARN_OBJC_ROOT_CLASS = YES_ERROR;
				CLANG_WARN_RANGE_LOOP_ANALYSIS = YES;
				CLANG_WARN_STRICT_PROTOTYPES = YES;
				CLANG_WARN_SUSPICIOUS_MOVE = YES;
				CLANG_WARN_UNREACHABLE_CODE = YES;
				CLANG_WARN__DUPLICATE_METHOD_MATCH = YES;
				"CODE_SIGN_IDENTITY[sdk=iphoneos*]" = "iPhone Developer";
				COPY_PHASE_STRIP = NO;
				DEBUG_INFORMATION_FORMAT = dwarf;
				ENABLE_STRICT_OBJC_MSGSEND = YES;
				ENABLE_TESTABILITY = YES;
				GCC_C_LANGUAGE_STANDARD = gnu99;
				GCC_DYNAMIC_NO_PIC = NO;
				GCC_NO_COMMON_BLOCKS = YES;
				GCC_OPTIMIZATION_LEVEL = 0;
				GCC_PREPROCESSOR_DEFINITIONS = (
					"DEBUG=1",
					"$(inherited)",
				);
				GCC_WARN_64_TO_32_BIT_CONVERSION = YES;
				GCC_WARN_ABOUT_RETURN_TYPE = YES_ERROR;
				GCC_WARN_UNDECLARED_SELECTOR = YES;
				GCC_WARN_UNINITIALIZED_AUTOS = YES_AGGRESSIVE;
				GCC_WARN_UNUSED_FUNCTION = YES;
				GCC_WARN_UNUSED_VARIABLE = YES;
				IPHONEOS_DEPLOYMENT_TARGET = 10.3;
				MTL_ENABLE_DEBUG_INFO = YES;
				ONLY_ACTIVE_ARCH = YES;
				SDKROOT = iphoneos;
				SWIFT_ACTIVE_COMPILATION_CONDITIONS = DEBUG;
				SWIFT_OPTIMIZATION_LEVEL = "-Onone";
			};
			name = Debug;
		};
		CE4656EA1F0FD325004E3868 /* Release */ = {
			isa = XCBuildConfiguration;
			buildSettings = {
				ALWAYS_SEARCH_USER_PATHS = NO;
				CLANG_ANALYZER_NONNULL = YES;
				CLANG_ANALYZER_NUMBER_OBJECT_CONVERSION = YES_AGGRESSIVE;
				CLANG_CXX_LANGUAGE_STANDARD = "gnu++0x";
				CLANG_CXX_LIBRARY = "libc++";
				CLANG_ENABLE_MODULES = YES;
				CLANG_ENABLE_OBJC_ARC = YES;
				CLANG_WARN_BLOCK_CAPTURE_AUTORELEASING = YES;
				CLANG_WARN_BOOL_CONVERSION = YES;
				CLANG_WARN_COMMA = YES;
				CLANG_WARN_CONSTANT_CONVERSION = YES;
				CLANG_WARN_DIRECT_OBJC_ISA_USAGE = YES_ERROR;
				CLANG_WARN_DOCUMENTATION_COMMENTS = YES;
				CLANG_WARN_EMPTY_BODY = YES;
				CLANG_WARN_ENUM_CONVERSION = YES;
				CLANG_WARN_INFINITE_RECURSION = YES;
				CLANG_WARN_INT_CONVERSION = YES;
				CLANG_WARN_NON_LITERAL_NULL_CONVERSION = YES;
				CLANG_WARN_OBJC_LITERAL_CONVERSION = YES;
				CLANG_WARN_OBJC_ROOT_CLASS = YES_ERROR;
				CLANG_WARN_RANGE_LOOP_ANALYSIS = YES;
				CLANG_WARN_STRICT_PROTOTYPES = YES;
				CLANG_WARN_SUSPICIOUS_MOVE = YES;
				CLANG_WARN_UNREACHABLE_CODE = YES;
				CLANG_WARN__DUPLICATE_METHOD_MATCH = YES;
				"CODE_SIGN_IDENTITY[sdk=iphoneos*]" = "iPhone Developer";
				COPY_PHASE_STRIP = NO;
				DEBUG_INFORMATION_FORMAT = "dwarf-with-dsym";
				ENABLE_NS_ASSERTIONS = NO;
				ENABLE_STRICT_OBJC_MSGSEND = YES;
				GCC_C_LANGUAGE_STANDARD = gnu99;
				GCC_NO_COMMON_BLOCKS = YES;
				GCC_WARN_64_TO_32_BIT_CONVERSION = YES;
				GCC_WARN_ABOUT_RETURN_TYPE = YES_ERROR;
				GCC_WARN_UNDECLARED_SELECTOR = YES;
				GCC_WARN_UNINITIALIZED_AUTOS = YES_AGGRESSIVE;
				GCC_WARN_UNUSED_FUNCTION = YES;
				GCC_WARN_UNUSED_VARIABLE = YES;
				IPHONEOS_DEPLOYMENT_TARGET = 10.3;
				MTL_ENABLE_DEBUG_INFO = NO;
				SDKROOT = iphoneos;
				SWIFT_OPTIMIZATION_LEVEL = "-Owholemodule";
				VALIDATE_PRODUCT = YES;
			};
			name = Release;
		};
		CE4656EC1F0FD325004E3868 /* Debug */ = {
			isa = XCBuildConfiguration;
			baseConfigurationReference = 684F2D9BFCAF1F03EEDEA154 /* Pods-iHelp.debug.xcconfig */;
			buildSettings = {
				CODE_SIGN_ENTITLEMENTS = iHelp/iHelp.entitlements;
				"CODE_SIGN_IDENTITY[sdk=iphoneos*]" = "iPhone Developer";
				CODE_SIGN_STYLE = Manual;
				DEVELOPMENT_TEAM = K8WJKQA676;
				ENABLE_BITCODE = YES;
				INFOPLIST_FILE = iHelp/Info.plist;
				LD_RUNPATH_SEARCH_PATHS = "$(inherited) @executable_path/Frameworks";
				LIBRARY_SEARCH_PATHS = (
					"$(inherited)",
					"$(PROJECT_DIR)",
				);
				PRODUCT_BUNDLE_IDENTIFIER = it.unisa.iosfoundation.trt2;
				PRODUCT_NAME = "$(TARGET_NAME)";
				PROVISIONING_PROFILE = "d74cd72b-0a41-4701-b5a5-eee06015e66a";
				PROVISIONING_PROFILE_SPECIFIER = tortora;
				SWIFT_VERSION = 3.0;
				TARGETED_DEVICE_FAMILY = 1;
			};
			name = Debug;
		};
		CE4656ED1F0FD325004E3868 /* Release */ = {
			isa = XCBuildConfiguration;
			baseConfigurationReference = 2CE0F134E4C6397093D0CF4B /* Pods-iHelp.release.xcconfig */;
			buildSettings = {
				CODE_SIGN_ENTITLEMENTS = iHelp/iHelp.entitlements;
				"CODE_SIGN_IDENTITY[sdk=iphoneos*]" = "iPhone Developer";
				CODE_SIGN_STYLE = Manual;
				DEVELOPMENT_TEAM = K8WJKQA676;
				ENABLE_BITCODE = YES;
				INFOPLIST_FILE = iHelp/Info.plist;
				LD_RUNPATH_SEARCH_PATHS = "$(inherited) @executable_path/Frameworks";
				LIBRARY_SEARCH_PATHS = (
					"$(inherited)",
					"$(PROJECT_DIR)",
				);
				PRODUCT_BUNDLE_IDENTIFIER = it.unisa.iosfoundation.trt2;
				PRODUCT_NAME = "$(TARGET_NAME)";
				PROVISIONING_PROFILE = "d74cd72b-0a41-4701-b5a5-eee06015e66a";
				PROVISIONING_PROFILE_SPECIFIER = tortora;
				SWIFT_VERSION = 3.0;
				TARGETED_DEVICE_FAMILY = 1;
			};
			name = Release;
		};
		CE4656EF1F0FD325004E3868 /* Debug */ = {
			isa = XCBuildConfiguration;
			buildSettings = {
				ALWAYS_EMBED_SWIFT_STANDARD_LIBRARIES = YES;
				BUNDLE_LOADER = "$(TEST_HOST)";
				DEVELOPMENT_TEAM = PTH65GSUAS;
				INFOPLIST_FILE = iHelpTests/Info.plist;
				LD_RUNPATH_SEARCH_PATHS = "$(inherited) @executable_path/Frameworks @loader_path/Frameworks";
				PRODUCT_BUNDLE_IDENTIFIER = TheRoundTable.iHelpTests;
				PRODUCT_NAME = "$(TARGET_NAME)";
				SWIFT_VERSION = 3.0;
				TEST_HOST = "$(BUILT_PRODUCTS_DIR)/iHelp.app/iHelp";
			};
			name = Debug;
		};
		CE4656F01F0FD325004E3868 /* Release */ = {
			isa = XCBuildConfiguration;
			buildSettings = {
				ALWAYS_EMBED_SWIFT_STANDARD_LIBRARIES = YES;
				BUNDLE_LOADER = "$(TEST_HOST)";
				DEVELOPMENT_TEAM = PTH65GSUAS;
				INFOPLIST_FILE = iHelpTests/Info.plist;
				LD_RUNPATH_SEARCH_PATHS = "$(inherited) @executable_path/Frameworks @loader_path/Frameworks";
				PRODUCT_BUNDLE_IDENTIFIER = TheRoundTable.iHelpTests;
				PRODUCT_NAME = "$(TARGET_NAME)";
				SWIFT_VERSION = 3.0;
				TEST_HOST = "$(BUILT_PRODUCTS_DIR)/iHelp.app/iHelp";
			};
			name = Release;
		};
		CE4656F21F0FD325004E3868 /* Debug */ = {
			isa = XCBuildConfiguration;
			buildSettings = {
				ALWAYS_EMBED_SWIFT_STANDARD_LIBRARIES = YES;
				DEVELOPMENT_TEAM = PTH65GSUAS;
				INFOPLIST_FILE = iHelpUITests/Info.plist;
				LD_RUNPATH_SEARCH_PATHS = "$(inherited) @executable_path/Frameworks @loader_path/Frameworks";
				PRODUCT_BUNDLE_IDENTIFIER = TheRoundTable.iHelpUITests;
				PRODUCT_NAME = "$(TARGET_NAME)";
				SWIFT_VERSION = 3.0;
				TEST_TARGET_NAME = iHelp;
			};
			name = Debug;
		};
		CE4656F31F0FD325004E3868 /* Release */ = {
			isa = XCBuildConfiguration;
			buildSettings = {
				ALWAYS_EMBED_SWIFT_STANDARD_LIBRARIES = YES;
				DEVELOPMENT_TEAM = PTH65GSUAS;
				INFOPLIST_FILE = iHelpUITests/Info.plist;
				LD_RUNPATH_SEARCH_PATHS = "$(inherited) @executable_path/Frameworks @loader_path/Frameworks";
				PRODUCT_BUNDLE_IDENTIFIER = TheRoundTable.iHelpUITests;
				PRODUCT_NAME = "$(TARGET_NAME)";
				SWIFT_VERSION = 3.0;
				TEST_TARGET_NAME = iHelp;
			};
			name = Release;
		};
/* End XCBuildConfiguration section */

/* Begin XCConfigurationList section */
		CE4656BE1F0FD325004E3868 /* Build configuration list for PBXProject "iHelp" */ = {
			isa = XCConfigurationList;
			buildConfigurations = (
				CE4656E91F0FD325004E3868 /* Debug */,
				CE4656EA1F0FD325004E3868 /* Release */,
			);
			defaultConfigurationIsVisible = 0;
			defaultConfigurationName = Release;
		};
		CE4656EB1F0FD325004E3868 /* Build configuration list for PBXNativeTarget "iHelp" */ = {
			isa = XCConfigurationList;
			buildConfigurations = (
				CE4656EC1F0FD325004E3868 /* Debug */,
				CE4656ED1F0FD325004E3868 /* Release */,
			);
			defaultConfigurationIsVisible = 0;
			defaultConfigurationName = Release;
		};
		CE4656EE1F0FD325004E3868 /* Build configuration list for PBXNativeTarget "iHelpTests" */ = {
			isa = XCConfigurationList;
			buildConfigurations = (
				CE4656EF1F0FD325004E3868 /* Debug */,
				CE4656F01F0FD325004E3868 /* Release */,
			);
			defaultConfigurationIsVisible = 0;
			defaultConfigurationName = Release;
		};
		CE4656F11F0FD325004E3868 /* Build configuration list for PBXNativeTarget "iHelpUITests" */ = {
			isa = XCConfigurationList;
			buildConfigurations = (
				CE4656F21F0FD325004E3868 /* Debug */,
				CE4656F31F0FD325004E3868 /* Release */,
			);
			defaultConfigurationIsVisible = 0;
			defaultConfigurationName = Release;
		};
/* End XCConfigurationList section */

/* Begin XCVersionGroup section */
		CE6F835F1F152E9600899CB8 /* DataCore.xcdatamodeld */ = {
			isa = XCVersionGroup;
			children = (
				CE6F83601F152E9600899CB8 /* DataCore.xcdatamodel */,
			);
			currentVersion = CE6F83601F152E9600899CB8 /* DataCore.xcdatamodel */;
			path = DataCore.xcdatamodeld;
			sourceTree = "<group>";
			versionGroupType = wrapper.xcdatamodel;
		};
/* End XCVersionGroup section */
	};
	rootObject = CE4656BB1F0FD325004E3868 /* Project object */;
}
